
Microsoft Visual Studio Solution File, Format Version 12.00
# Visual Studio 15
VisualStudioVersion = 15.0.27130.2010
MinimumVisualStudioVersion = 10.0.40219.1
Project("{FAE04EC0-301F-11D3-BF4B-00C04F79EFBC}") = "DamasChinas", "DamasChinas\DamasChinas.csproj", "{D2503246-C1A7-410A-AFB7-9AC1F093D30C}"
EndProject
Project("{FAE04EC0-301F-11D3-BF4B-00C04F79EFBC}") = "Interfaces", "Interfaces\Interfaces.csproj", "{81FAEB6E-4561-4B8C-9469-37582843D9D7}"
EndProject
Project("{FAE04EC0-301F-11D3-BF4B-00C04F79EFBC}") = "DamasChinasTests", "DamasChinasTests\DamasChinasTests.csproj", "{6F0829F2-599B-484D-A0C4-E23367ECBC1D}"
EndProject
Global
	GlobalSection(SolutionConfigurationPlatforms) = preSolution
		Debug|Any CPU = Debug|Any CPU
		Release|Any CPU = Release|Any CPU
	EndGlobalSection
	GlobalSection(ProjectConfigurationPlatforms) = postSolution
		{D2503246-C1A7-410A-AFB7-9AC1F093D30C}.Debug|Any CPU.ActiveCfg = Debug|Any CPU
		{D2503246-C1A7-410A-AFB7-9AC1F093D30C}.Debug|Any CPU.Build.0 = Debug|Any CPU
		{D2503246-C1A7-410A-AFB7-9AC1F093D30C}.Release|Any CPU.ActiveCfg = Release|Any CPU
		{D2503246-C1A7-410A-AFB7-9AC1F093D30C}.Release|Any CPU.Build.0 = Release|Any CPU
		{81FAEB6E-4561-4B8C-9469-37582843D9D7}.Debug|Any CPU.ActiveCfg = Debug|Any CPU
		{81FAEB6E-4561-4B8C-9469-37582843D9D7}.Debug|Any CPU.Build.0 = Debug|Any CPU
		{81FAEB6E-4561-4B8C-9469-37582843D9D7}.Release|Any CPU.ActiveCfg = Release|Any CPU
		{81FAEB6E-4561-4B8C-9469-37582843D9D7}.Release|Any CPU.Build.0 = Release|Any CPU
		{6F0829F2-599B-484D-A0C4-E23367ECBC1D}.Debug|Any CPU.ActiveCfg = Debug|Any CPU
		{6F0829F2-599B-484D-A0C4-E23367ECBC1D}.Debug|Any CPU.Build.0 = Debug|Any CPU
		{6F0829F2-599B-484D-A0C4-E23367ECBC1D}.Release|Any CPU.ActiveCfg = Release|Any CPU
		{6F0829F2-599B-484D-A0C4-E23367ECBC1D}.Release|Any CPU.Build.0 = Release|Any CPU
	EndGlobalSection
	GlobalSection(SolutionProperties) = preSolution
		HideSolutionNode = FALSE
	EndGlobalSection
	GlobalSection(ExtensibilityGlobals) = postSolution
		SolutionGuid = {3B8F19B8-83C2-4091-BBC7-CF30FE61B149}
	EndGlobalSection
EndGlobal
