
Microsoft Visual Studio Solution File, Format Version 12.00
# Visual Studio 15
VisualStudioVersion = 15.0.27004.2006
MinimumVisualStudioVersion = 10.0.40219.1
Project("{FAE04EC0-301F-11D3-BF4B-00C04F79EFBC}") = "DamasChinasServidor", "DamasChinasServidor\DamasChinasServidor.csproj", "{63CB5136-0F79-4F93-A9EA-B1F3D5D4955B}"
EndProject
Project("{FAE04EC0-301F-11D3-BF4B-00C04F79EFBC}") = "ServicioCuenta", "ServicioCuenta\ServicioCuenta.csproj", "{5C3C0A65-7A01-4D79-9CA4-98A2564BBE33}"
EndProject
Project("{FAE04EC0-301F-11D3-BF4B-00C04F79EFBC}") = "BaseDeDatos", "BaseDeDatos\BaseDeDatos.csproj", "{2638BD85-AA7F-4C65-9AE0-D952AABFE520}"
EndProject
Global
	GlobalSection(SolutionConfigurationPlatforms) = preSolution
		Debug|Any CPU = Debug|Any CPU
		Release|Any CPU = Release|Any CPU
	EndGlobalSection
	GlobalSection(ProjectConfigurationPlatforms) = postSolution
		{63CB5136-0F79-4F93-A9EA-B1F3D5D4955B}.Debug|Any CPU.ActiveCfg = Debug|Any CPU
		{63CB5136-0F79-4F93-A9EA-B1F3D5D4955B}.Debug|Any CPU.Build.0 = Debug|Any CPU
		{63CB5136-0F79-4F93-A9EA-B1F3D5D4955B}.Release|Any CPU.ActiveCfg = Release|Any CPU
		{63CB5136-0F79-4F93-A9EA-B1F3D5D4955B}.Release|Any CPU.Build.0 = Release|Any CPU
		{5C3C0A65-7A01-4D79-9CA4-98A2564BBE33}.Debug|Any CPU.ActiveCfg = Debug|Any CPU
		{5C3C0A65-7A01-4D79-9CA4-98A2564BBE33}.Debug|Any CPU.Build.0 = Debug|Any CPU
		{5C3C0A65-7A01-4D79-9CA4-98A2564BBE33}.Release|Any CPU.ActiveCfg = Release|Any CPU
		{5C3C0A65-7A01-4D79-9CA4-98A2564BBE33}.Release|Any CPU.Build.0 = Release|Any CPU
		{2638BD85-AA7F-4C65-9AE0-D952AABFE520}.Debug|Any CPU.ActiveCfg = Debug|Any CPU
		{2638BD85-AA7F-4C65-9AE0-D952AABFE520}.Debug|Any CPU.Build.0 = Debug|Any CPU
		{2638BD85-AA7F-4C65-9AE0-D952AABFE520}.Release|Any CPU.ActiveCfg = Release|Any CPU
		{2638BD85-AA7F-4C65-9AE0-D952AABFE520}.Release|Any CPU.Build.0 = Release|Any CPU
	EndGlobalSection
	GlobalSection(SolutionProperties) = preSolution
		HideSolutionNode = FALSE
	EndGlobalSection
	GlobalSection(ExtensibilityGlobals) = postSolution
		SolutionGuid = {B759FAEA-7AFF-4A81-8C86-B10178846C49}
	EndGlobalSection
EndGlobal
